{
  "name": "csgo-sharecode",
  "version": "1.2.0",
  "lockfileVersion": 1,
  "requires": true,
  "dependencies": {
    "bignumber.js": {
      "version": "8.0.1",
      "resolved": "https://registry.npmjs.org/bignumber.js/-/bignumber.js-8.0.1.tgz",
      "integrity": "sha512-zAySveTJXkgLYCBi0b14xzfnOs+f3G6x36I8w2a1+PFQpWk/dp0mI0F+ZZK2bu+3ELewDcSyP+Cfq++NcHX7sg=="
    },
    "prettier": {
      "version": "1.16.4",
      "resolved": "https://registry.npmjs.org/prettier/-/prettier-1.16.4.tgz",
      "integrity": "sha512-ZzWuos7TI5CKUeQAtFd6Zhm2s6EpAD/ZLApIhsF9pRvRtM1RFo61dM/4MSRUA0SuLugA/zgrZD8m0BaY46Og7g==",
      "dev": true
    },
    "typescript": {
      "version": "3.4.4",
      "resolved": "https://registry.npmjs.org/typescript/-/typescript-3.4.4.tgz",
      "integrity": "sha512-xt5RsIRCEaf6+j9AyOBgvVuAec0i92rgCaS3S+UVf5Z/vF2Hvtsw08wtUTJqp4djwznoAgjSxeCcU4r+CcDBJA==",
      "dev": true
    }
  }
}
